
Microsoft Visual Studio Solution File, Format Version 12.00
# Visual Studio Version 17
VisualStudioVersion = 17.11.35312.102
MinimumVisualStudioVersion = 10.0.40219.1
Project("{FAE04EC0-301F-11D3-BF4B-00C04F79EFBC}") = "RazorVoertuigIdentity", "RazorVoertuigIdentity\RazorVoertuigIdentity.csproj", "{C99A012B-A2B7-465A-B880-09F370975ABD}"
EndProject
Global
	GlobalSection(SolutionConfigurationPlatforms) = preSolution
		Debug|Any CPU = Debug|Any CPU
		Release|Any CPU = Release|Any CPU
	EndGlobalSection
	GlobalSection(ProjectConfigurationPlatforms) = postSolution
		{C99A012B-A2B7-465A-B880-09F370975ABD}.Debug|Any CPU.ActiveCfg = Debug|Any CPU
		{C99A012B-A2B7-465A-B880-09F370975ABD}.Debug|Any CPU.Build.0 = Debug|Any CPU
		{C99A012B-A2B7-465A-B880-09F370975ABD}.Release|Any CPU.ActiveCfg = Release|Any CPU
		{C99A012B-A2B7-465A-B880-09F370975ABD}.Release|Any CPU.Build.0 = Release|Any CPU
	EndGlobalSection
	GlobalSection(SolutionProperties) = preSolution
		HideSolutionNode = FALSE
	EndGlobalSection
	GlobalSection(ExtensibilityGlobals) = postSolution
		SolutionGuid = {56B1C548-83AC-4CA0-9D71-2CF8C888C898}
	EndGlobalSection
EndGlobal
