
Microsoft Visual Studio Solution File, Format Version 12.00
# Visual Studio Version 17
VisualStudioVersion = 17.11.35312.102
MinimumVisualStudioVersion = 10.0.40219.1
Project("{FAE04EC0-301F-11D3-BF4B-00C04F79EFBC}") = "TestGitApp", "TestGitApp\TestGitApp.csproj", "{8F0BA348-5E40-44D6-8647-8C271D0093AB}"
EndProject
Global
	GlobalSection(SolutionConfigurationPlatforms) = preSolution
		Debug|Any CPU = Debug|Any CPU
		Release|Any CPU = Release|Any CPU
	EndGlobalSection
	GlobalSection(ProjectConfigurationPlatforms) = postSolution
		{8F0BA348-5E40-44D6-8647-8C271D0093AB}.Debug|Any CPU.ActiveCfg = Debug|Any CPU
		{8F0BA348-5E40-44D6-8647-8C271D0093AB}.Debug|Any CPU.Build.0 = Debug|Any CPU
		{8F0BA348-5E40-44D6-8647-8C271D0093AB}.Release|Any CPU.ActiveCfg = Release|Any CPU
		{8F0BA348-5E40-44D6-8647-8C271D0093AB}.Release|Any CPU.Build.0 = Release|Any CPU
	EndGlobalSection
	GlobalSection(SolutionProperties) = preSolution
		HideSolutionNode = FALSE
	EndGlobalSection
	GlobalSection(ExtensibilityGlobals) = postSolution
		SolutionGuid = {EC493F65-C627-40E3-A141-0226FF9EF6AC}
	EndGlobalSection
EndGlobal
